
Microsoft Visual Studio Solution File, Format Version 12.00
# Visual Studio Version 16
VisualStudioVersion = 16.0.30413.136
MinimumVisualStudioVersion = 10.0.40219.1
Project("{FAE04EC0-301F-11D3-BF4B-00C04F79EFBC}") = "HelloWorld", "HelloWorld\HelloWorld.csproj", "{FF607A21-FA0C-4D9A-A256-610AFF27732D}"
EndProject
Global
	GlobalSection(SolutionConfigurationPlatforms) = preSolution
		Debug|Any CPU = Debug|Any CPU
		Release|Any CPU = Release|Any CPU
	EndGlobalSection
	GlobalSection(ProjectConfigurationPlatforms) = postSolution
		{FF607A21-FA0C-4D9A-A256-610AFF27732D}.Debug|Any CPU.ActiveCfg = Debug|Any CPU
		{FF607A21-FA0C-4D9A-A256-610AFF27732D}.Debug|Any CPU.Build.0 = Debug|Any CPU
		{FF607A21-FA0C-4D9A-A256-610AFF27732D}.Release|Any CPU.ActiveCfg = Release|Any CPU
		{FF607A21-FA0C-4D9A-A256-610AFF27732D}.Release|Any CPU.Build.0 = Release|Any CPU
	EndGlobalSection
	GlobalSection(SolutionProperties) = preSolution
		HideSolutionNode = FALSE
	EndGlobalSection
	GlobalSection(ExtensibilityGlobals) = postSolution
		SolutionGuid = {C7D2602D-5964-4CD7-924C-115DDC155680}
	EndGlobalSection
EndGlobal
